
Microsoft Visual Studio Solution File, Format Version 12.00
# Visual Studio Version 17
VisualStudioVersion = 17.5.002.0
MinimumVisualStudioVersion = 10.0.40219.1
Project("{9A19103F-16F7-4668-BE54-9A1E7A4F7556}") = "Premier Service Solutions", "Premier Service Solutions.csproj", "{90FDEE4E-4505-4B5C-A8B1-E08131F66259}"
EndProject
Global
	GlobalSection(SolutionConfigurationPlatforms) = preSolution
		Debug|Any CPU = Debug|Any CPU
		Release|Any CPU = Release|Any CPU
	EndGlobalSection
	GlobalSection(ProjectConfigurationPlatforms) = postSolution
		{90FDEE4E-4505-4B5C-A8B1-E08131F66259}.Debug|Any CPU.ActiveCfg = Debug|Any CPU
		{90FDEE4E-4505-4B5C-A8B1-E08131F66259}.Debug|Any CPU.Build.0 = Debug|Any CPU
		{90FDEE4E-4505-4B5C-A8B1-E08131F66259}.Release|Any CPU.ActiveCfg = Release|Any CPU
		{90FDEE4E-4505-4B5C-A8B1-E08131F66259}.Release|Any CPU.Build.0 = Release|Any CPU
	EndGlobalSection
	GlobalSection(SolutionProperties) = preSolution
		HideSolutionNode = FALSE
	EndGlobalSection
	GlobalSection(ExtensibilityGlobals) = postSolution
		SolutionGuid = {F7B4F584-3AE3-46C3-868C-1EC0A82CB951}
	EndGlobalSection
EndGlobal
